
Microsoft Visual Studio Solution File, Format Version 12.00
# Visual Studio Version 17
VisualStudioVersion = 17.3.32811.315
MinimumVisualStudioVersion = 10.0.40219.1
Project("{9A19103F-16F7-4668-BE54-9A1E7A4F7556}") = "Storyteller.API", "Storyteller\Storyteller.API.csproj", "{7199B6B3-11B2-48F8-AA94-B3FA2928BD0D}"
EndProject
Project("{9A19103F-16F7-4668-BE54-9A1E7A4F7556}") = "Storyteller.Repository", "Storyteller.Repository\Storyteller.Repository.csproj", "{9A7A9849-FB2B-4485-BCB3-925B7C6E9ADE}"
EndProject
Global
	GlobalSection(SolutionConfigurationPlatforms) = preSolution
		Debug|Any CPU = Debug|Any CPU
		Release|Any CPU = Release|Any CPU
	EndGlobalSection
	GlobalSection(ProjectConfigurationPlatforms) = postSolution
		{7199B6B3-11B2-48F8-AA94-B3FA2928BD0D}.Debug|Any CPU.ActiveCfg = Debug|Any CPU
		{7199B6B3-11B2-48F8-AA94-B3FA2928BD0D}.Debug|Any CPU.Build.0 = Debug|Any CPU
		{7199B6B3-11B2-48F8-AA94-B3FA2928BD0D}.Release|Any CPU.ActiveCfg = Release|Any CPU
		{7199B6B3-11B2-48F8-AA94-B3FA2928BD0D}.Release|Any CPU.Build.0 = Release|Any CPU
		{9A7A9849-FB2B-4485-BCB3-925B7C6E9ADE}.Debug|Any CPU.ActiveCfg = Debug|Any CPU
		{9A7A9849-FB2B-4485-BCB3-925B7C6E9ADE}.Debug|Any CPU.Build.0 = Debug|Any CPU
		{9A7A9849-FB2B-4485-BCB3-925B7C6E9ADE}.Release|Any CPU.ActiveCfg = Release|Any CPU
		{9A7A9849-FB2B-4485-BCB3-925B7C6E9ADE}.Release|Any CPU.Build.0 = Release|Any CPU
	EndGlobalSection
	GlobalSection(SolutionProperties) = preSolution
		HideSolutionNode = FALSE
	EndGlobalSection
	GlobalSection(ExtensibilityGlobals) = postSolution
		SolutionGuid = {B32A396B-CE18-42E6-9383-564E8BE36F37}
	EndGlobalSection
EndGlobal
